
Microsoft Visual Studio Solution File, Format Version 12.00
# Visual Studio Version 17
VisualStudioVersion = 17.8.34525.116
MinimumVisualStudioVersion = 10.0.40219.1
Project("{FAE04EC0-301F-11D3-BF4B-00C04F79EFBC}") = "Examen02CRA", "Examen02\Examen02CRA.csproj", "{5D153B0F-4E3F-4A80-9297-673E85BF458F}"
EndProject
Global
	GlobalSection(SolutionConfigurationPlatforms) = preSolution
		Debug|Any CPU = Debug|Any CPU
		Release|Any CPU = Release|Any CPU
	EndGlobalSection
	GlobalSection(ProjectConfigurationPlatforms) = postSolution
		{5D153B0F-4E3F-4A80-9297-673E85BF458F}.Debug|Any CPU.ActiveCfg = Debug|Any CPU
		{5D153B0F-4E3F-4A80-9297-673E85BF458F}.Debug|Any CPU.Build.0 = Debug|Any CPU
		{5D153B0F-4E3F-4A80-9297-673E85BF458F}.Release|Any CPU.ActiveCfg = Release|Any CPU
		{5D153B0F-4E3F-4A80-9297-673E85BF458F}.Release|Any CPU.Build.0 = Release|Any CPU
	EndGlobalSection
	GlobalSection(SolutionProperties) = preSolution
		HideSolutionNode = FALSE
	EndGlobalSection
	GlobalSection(ExtensibilityGlobals) = postSolution
		SolutionGuid = {DA46328E-AE5E-467E-BB29-620952D1FEA3}
	EndGlobalSection
EndGlobal
